version = 1
revision = 3
requires-python = ">=3.13.7, <3.14"
resolution-markers = [
    "python_version < '0'",
]

[[package]]
name = "ansible"
version = "12.0.0"
source = { registry = "https://pypi.org/simple" }
dependencies = [
    { name = "ansible-core" },
]
sdist = { url = "https://files.pythonhosted.org/packages/40/47/e7294a50e89e1f26456703a2fc2f3ce84fde6ad92ef86582648da21cc997/ansible-12.0.0.tar.gz", hash = "sha256:1b3ad8158dd2597ce45a864a55ca09e5be1807cc97f44a00c39d7bb9e1520aa6", size = 42251465, upload-time = "2025-09-09T15:56:40.921Z" }
wheels = [
    { url = "https://files.pythonhosted.org/packages/36/c4/8f90ac0d4cb85387eccfaf1b1510017872aa4b56f098178f76b2ab4e4571/ansible-12.0.0-py3-none-any.whl", hash = "sha256:1a17f8c593a973e6d81f10ebfe7eac53e799616f745d57b99bd36b34f79f16a2", size = 51828371, upload-time = "2025-09-09T15:56:36.467Z" },
]

[[package]]
name = "ansible-compat"
version = "25.8.1"
source = { registry = "https://pypi.org/simple" }
dependencies = [
    { name = "ansible-core" },
    { name = "jsonschema" },
    { name = "packaging" },
    { name = "pyyaml" },
    { name = "subprocess-tee" },
]
sdist = { url = "https://files.pythonhosted.org/packages/ea/96/d5bcbd652dbcbf8611b32457d67b10e41e5e596e34460c25511ccfa6fbf1/ansible_compat-25.8.1.tar.gz", hash = "sha256:f29ab81264b3f04fb94ac2d7f68fe73efc2eb3cbe4ecf00f9b4742e77c41756f", size = 90142, upload-time = "2025-08-14T15:59:57.215Z" }
wheels = [
    { url = "https://files.pythonhosted.org/packages/32/29/c73b6d6d5ecdaf51ee4210e6fbf95de0a24b87f2b5df83155ac0c753513e/ansible_compat-25.8.1-py3-none-any.whl", hash = "sha256:5bb843838414b75efff24dae5ff5b332cd503a596143d471980243cec4b46c9c", size = 27523, upload-time = "2025-08-14T15:59:55.866Z" },
]

[[package]]
name = "ansible-core"
version = "2.19.2"
source = { registry = "https://pypi.org/simple" }
dependencies = [
    { name = "cryptography" },
    { name = "jinja2" },
    { name = "packaging" },
    { name = "pyyaml" },
    { name = "resolvelib" },
]
sdist = { url = "https://files.pythonhosted.org/packages/16/f1/1c21d3bff03fe9a5b51515307db7a76ec8b8972c70d5702cc3027c988a99/ansible_core-2.19.2.tar.gz", hash = "sha256:87fcbbc492ed16eb6adb0379bae0adbf69f3ce88a8440e7e88e0dcefa9f8a54c", size = 3408325, upload-time = "2025-09-08T18:11:33.666Z" }
wheels = [
    { url = "https://files.pythonhosted.org/packages/f5/49/f0ae13c228ae31613a27f9a06e55fdaa76ee45fce3d35c9f6e1ef423a6c0/ansible_core-2.19.2-py3-none-any.whl", hash = "sha256:1fe6ca533951b5ba4a619e763ea4f6725f68c36677c7d5aaa467b59aa449bdc8", size = 2403942, upload-time = "2025-09-08T18:11:31.341Z" },
]

[[package]]
name = "ansible-lint"
version = "25.8.2"
source = { registry = "https://pypi.org/simple" }
dependencies = [
    { name = "ansible-compat" },
    { name = "ansible-core" },
    { name = "black" },
    { name = "filelock" },
    { name = "importlib-metadata" },
    { name = "jsonschema" },
    { name = "packaging" },
    { name = "pathspec" },
    { name = "pyyaml" },
    { name = "referencing" },
    { name = "ruamel-yaml" },
    { name = "subprocess-tee" },
    { name = "wcmatch" },
    { name = "yamllint" },
]
sdist = { url = "https://files.pythonhosted.org/packages/60/93/2c344f3eeaf15fee5ee99a30ebe77f316a65f09d290034e4290fdb114cb4/ansible_lint-25.8.2.tar.gz", hash = "sha256:35dd3ddd12d8063876915bf2f06b9a1b80fd27a7cb1ca4ce51c8cebb84690922", size = 580055, upload-time = "2025-08-21T13:45:13.372Z" }
wheels = [
    { url = "https://files.pythonhosted.org/packages/7b/d9/ec00c80dceff6cfdeb2dc437058800969da11b7d5b625f75104e32c2be26/ansible_lint-25.8.2-py3-none-any.whl", hash = "sha256:14de8c51650af33255a5ba14a01d798d64c2559eaec9d6a92927535b46d1d9ab", size = 328717, upload-time = "2025-08-21T13:45:11.603Z" },
]

[[package]]
name = "attrs"
version = "25.3.0"
source = { registry = "https://pypi.org/simple" }
sdist = { url = "https://files.pythonhosted.org/packages/5a/b0/1367933a8532ee6ff8d63537de4f1177af4bff9f3e829baf7331f595bb24/attrs-25.3.0.tar.gz", hash = "sha256:75d7cefc7fb576747b2c81b4442d4d4a1ce0900973527c011d1030fd3bf4af1b", size = 812032, upload-time = "2025-03-13T11:10:22.779Z" }
wheels = [
    { url = "https://files.pythonhosted.org/packages/77/06/bb80f5f86020c4551da315d78b3ab75e8228f89f0162f2c3a819e407941a/attrs-25.3.0-py3-none-any.whl", hash = "sha256:427318ce031701fea540783410126f03899a97ffc6f61596ad581ac2e40e3bc3", size = 63815, upload-time = "2025-03-13T11:10:21.14Z" },
]

[[package]]
name = "black"
version = "25.1.0"
source = { registry = "https://pypi.org/simple" }
dependencies = [
    { name = "click" },
    { name = "mypy-extensions" },
    { name = "packaging" },
    { name = "pathspec" },
    { name = "platformdirs" },
]
sdist = { url = "https://files.pythonhosted.org/packages/94/49/26a7b0f3f35da4b5a65f081943b7bcd22d7002f5f0fb8098ec1ff21cb6ef/black-25.1.0.tar.gz", hash = "sha256:33496d5cd1222ad73391352b4ae8da15253c5de89b93a80b3e2c8d9a19ec2666", size = 649449, upload-time = "2025-01-29T04:15:40.373Z" }
wheels = [
    { url = "https://files.pythonhosted.org/packages/98/87/0edf98916640efa5d0696e1abb0a8357b52e69e82322628f25bf14d263d1/black-25.1.0-cp313-cp313-macosx_10_13_x86_64.whl", hash = "sha256:8f0b18a02996a836cc9c9c78e5babec10930862827b1b724ddfe98ccf2f2fe4f", size = 1650673, upload-time = "2025-01-29T05:37:20.574Z" },
    { url = "https://files.pythonhosted.org/packages/52/e5/f7bf17207cf87fa6e9b676576749c6b6ed0d70f179a3d812c997870291c3/black-25.1.0-cp313-cp313-macosx_11_0_arm64.whl", hash = "sha256:afebb7098bfbc70037a053b91ae8437c3857482d3a690fefc03e9ff7aa9a5fd3", size = 1453190, upload-time = "2025-01-29T05:37:22.106Z" },
    { url = "https://files.pythonhosted.org/packages/e3/ee/adda3d46d4a9120772fae6de454c8495603c37c4c3b9c60f25b1ab6401fe/black-25.1.0-cp313-cp313-manylinux_2_17_x86_64.manylinux2014_x86_64.manylinux_2_28_x86_64.whl", hash = "sha256:030b9759066a4ee5e5aca28c3c77f9c64789cdd4de8ac1df642c40b708be6171", size = 1782926, upload-time = "2025-01-29T04:18:58.564Z" },
    { url = "https://files.pythonhosted.org/packages/09/71/54e999902aed72baf26bca0d50781b01838251a462612966e9fc4891eadd/black-25.1.0-py3-none-any.whl", hash = "sha256:95e8176dae143ba9097f351d174fdaf0ccd29efb414b362ae3fd72bf0f710717", size = 207646, upload-time = "2025-01-29T04:15:38.082Z" },
]

[[package]]
name = "bracex"
version = "2.6"
source = { registry = "https://pypi.org/simple" }
sdist = { url = "https://files.pythonhosted.org/packages/63/9a/fec38644694abfaaeca2798b58e276a8e61de49e2e37494ace423395febc/bracex-2.6.tar.gz", hash = "sha256:98f1347cd77e22ee8d967a30ad4e310b233f7754dbf31ff3fceb76145ba47dc7", size = 26642, upload-time = "2025-06-22T19:12:31.254Z" }
wheels = [
    { url = "https://files.pythonhosted.org/packages/9d/2a/9186535ce58db529927f6cf5990a849aa9e052eea3e2cfefe20b9e1802da/bracex-2.6-py3-none-any.whl", hash = "sha256:0b0049264e7340b3ec782b5cb99beb325f36c3782a32e36e876452fd49a09952", size = 11508, upload-time = "2025-06-22T19:12:29.781Z" },
]

[[package]]
name = "cffi"
version = "1.16.0"
source = { registry = "https://pypi.org/simple" }
dependencies = [
    { name = "pycparser" },
]
sdist = { url = "https://files.pythonhosted.org/packages/68/ce/95b0bae7968c65473e1298efb042e10cafc7bafc14d9e4f154008241c91d/cffi-1.16.0.tar.gz", hash = "sha256:bcb3ef43e58665bbda2fb198698fcae6776483e0c4a631aa5647806c25e02cc0", size = 512873, upload-time = "2023-09-28T18:02:04.656Z" }

[[package]]
name = "click"
version = "8.2.1"
source = { registry = "https://pypi.org/simple" }
sdist = { url = "https://files.pythonhosted.org/packages/60/6c/8ca2efa64cf75a977a0d7fac081354553ebe483345c734fb6b6515d96bbc/click-8.2.1.tar.gz", hash = "sha256:27c491cc05d968d271d5a1db13e3b5a184636d9d930f148c50b038f0d0646202", size = 286342, upload-time = "2025-05-20T23:19:49.832Z" }
wheels = [
    { url = "https://files.pythonhosted.org/packages/85/32/10bb5764d90a8eee674e9dc6f4db6a0ab47c8c4d0d83c27f7c39ac415a4d/click-8.2.1-py3-none-any.whl", hash = "sha256:61a3265b914e850b85317d0b3109c7f8cd35a670f963866005d6ef1d5175a12b", size = 102215, upload-time = "2025-05-20T23:19:47.796Z" },
]

[[package]]
name = "cryptography"
version = "43.0.1"
source = { registry = "https://pypi.org/simple" }
dependencies = [
    { name = "cffi", marker = "platform_python_implementation != 'PyPy'" },
]
sdist = { url = "https://files.pythonhosted.org/packages/de/ba/0664727028b37e249e73879348cc46d45c5c1a2a2e81e8166462953c5755/cryptography-43.0.1.tar.gz", hash = "sha256:203e92a75716d8cfb491dc47c79e17d0d9207ccffcbcb35f598fbe463ae3444d", size = 686927, upload-time = "2024-09-03T20:04:20.788Z" }
wheels = [
    { url = "https://files.pythonhosted.org/packages/58/28/b92c98a04ba762f8cdeb54eba5c4c84e63cac037a7c5e70117d337b15ad6/cryptography-43.0.1-cp37-abi3-macosx_10_9_universal2.whl", hash = "sha256:8385d98f6a3bf8bb2d65a73e17ed87a3ba84f6991c155691c51112075f9ffc5d", size = 6223222, upload-time = "2024-09-03T20:04:14.466Z" },
    { url = "https://files.pythonhosted.org/packages/33/13/1193774705783ba364121aa2a60132fa31a668b8ababd5edfa1662354ccd/cryptography-43.0.1-cp37-abi3-manylinux_2_17_aarch64.manylinux2014_aarch64.whl", hash = "sha256:27e613d7077ac613e399270253259d9d53872aaf657471473ebfc9a52935c062", size = 3794751, upload-time = "2024-09-03T20:04:16.725Z" },
    { url = "https://files.pythonhosted.org/packages/5e/4b/39bb3c4c8cfb3e94e736b8d8859ce5c81536e91a1033b1d26770c4249000/cryptography-43.0.1-cp37-abi3-manylinux_2_17_x86_64.manylinux2014_x86_64.whl", hash = "sha256:68aaecc4178e90719e95298515979814bda0cbada1256a4485414860bd7ab962", size = 3981827, upload-time = "2024-09-03T20:03:55.035Z" },
    { url = "https://files.pythonhosted.org/packages/ce/dc/1471d4d56608e1013237af334b8a4c35d53895694fbb73882d1c4fd3f55e/cryptography-43.0.1-cp37-abi3-manylinux_2_28_aarch64.whl", hash = "sha256:de41fd81a41e53267cb020bb3a7212861da53a7d39f863585d13ea11049cf277", size = 3780034, upload-time = "2024-09-03T20:03:58.972Z" },
    { url = "https://files.pythonhosted.org/packages/ad/43/7a9920135b0d5437cc2f8f529fa757431eb6a7736ddfadfdee1cc5890800/cryptography-43.0.1-cp37-abi3-manylinux_2_28_x86_64.whl", hash = "sha256:f98bf604c82c416bc829e490c700ca1553eafdf2912a91e23a79d97d9801372a", size = 3993407, upload-time = "2024-09-03T20:03:36.682Z" },
    { url = "https://files.pythonhosted.org/packages/cc/42/9ab8467af6c0b76f3d9b8f01d1cf25b9c9f3f2151f4acfab888d21c55a72/cryptography-43.0.1-cp37-abi3-musllinux_1_2_aarch64.whl", hash = "sha256:61ec41068b7b74268fa86e3e9e12b9f0c21fcf65434571dbb13d954bceb08042", size = 3886457, upload-time = "2024-09-03T20:03:52.995Z" },
    { url = "https://files.pythonhosted.org/packages/a4/65/430509e31700286ec02868a2457d2111d03ccefc20349d24e58d171ae0a7/cryptography-43.0.1-cp37-abi3-musllinux_1_2_x86_64.whl", hash = "sha256:014f58110f53237ace6a408b5beb6c427b64e084eb451ef25a28308270086494", size = 4081499, upload-time = "2024-09-03T20:03:32.522Z" },
    { url = "https://files.pythonhosted.org/packages/bb/18/a04b6467e6e09df8c73b91dcee8878f4a438a43a3603dc3cd6f8003b92d8/cryptography-43.0.1-cp37-abi3-win32.whl", hash = "sha256:2bd51274dcd59f09dd952afb696bf9c61a7a49dfc764c04dd33ef7a6b502a1e2", size = 2616504, upload-time = "2024-09-03T20:04:09.459Z" },
    { url = "https://files.pythonhosted.org/packages/cc/73/0eacbdc437202edcbdc07f3576ed8fb8b0ab79d27bf2c5d822d758a72faa/cryptography-43.0.1-cp37-abi3-win_amd64.whl", hash = "sha256:666ae11966643886c2987b3b721899d250855718d6d9ce41b521252a17985f4d", size = 3067456, upload-time = "2024-09-03T20:03:40.775Z" },
    { url = "https://files.pythonhosted.org/packages/8a/b6/bc54b371f02cffd35ff8dc6baba88304d7cf8e83632566b4b42e00383e03/cryptography-43.0.1-cp39-abi3-macosx_10_9_universal2.whl", hash = "sha256:ac119bb76b9faa00f48128b7f5679e1d8d437365c5d26f1c2c3f0da4ce1b553d", size = 6225263, upload-time = "2024-09-03T20:03:43.181Z" },
    { url = "https://files.pythonhosted.org/packages/00/0e/8217e348a1fa417ec4c78cd3cdf24154f5e76fd7597343a35bd403650dfd/cryptography-43.0.1-cp39-abi3-manylinux_2_17_aarch64.manylinux2014_aarch64.whl", hash = "sha256:1bbcce1a551e262dfbafb6e6252f1ae36a248e615ca44ba302df077a846a8806", size = 3794368, upload-time = "2024-09-03T20:03:18.051Z" },
    { url = "https://files.pythonhosted.org/packages/3d/ed/38b6be7254d8f7251fde8054af597ee8afa14f911da67a9410a45f602fc3/cryptography-43.0.1-cp39-abi3-manylinux_2_17_x86_64.manylinux2014_x86_64.whl", hash = "sha256:58d4e9129985185a06d849aa6df265bdd5a74ca6e1b736a77959b498e0505b85", size = 3981750, upload-time = "2024-09-03T20:04:18.775Z" },
    { url = "https://files.pythonhosted.org/packages/64/f3/b7946c3887cf7436f002f4cbb1e6aec77b8d299b86be48eeadfefb937c4b/cryptography-43.0.1-cp39-abi3-manylinux_2_28_aarch64.whl", hash = "sha256:d03a475165f3134f773d1388aeb19c2d25ba88b6a9733c5c590b9ff7bbfa2e0c", size = 3778925, upload-time = "2024-09-03T20:03:45.022Z" },
    { url = "https://files.pythonhosted.org/packages/ac/7e/ebda4dd4ae098a0990753efbb4b50954f1d03003846b943ea85070782da7/cryptography-43.0.1-cp39-abi3-manylinux_2_28_x86_64.whl", hash = "sha256:511f4273808ab590912a93ddb4e3914dfd8a388fed883361b02dea3791f292e1", size = 3993152, upload-time = "2024-09-03T20:03:30.108Z" },
    { url = "https://files.pythonhosted.org/packages/43/f6/feebbd78a3e341e3913846a3bb2c29d0b09b1b3af1573c6baabc2533e147/cryptography-43.0.1-cp39-abi3-musllinux_1_2_aarch64.whl", hash = "sha256:80eda8b3e173f0f247f711eef62be51b599b5d425c429b5d4ca6a05e9e856baa", size = 3886392, upload-time = "2024-09-03T20:03:34.543Z" },
    { url = "https://files.pythonhosted.org/packages/bd/4c/ab0b9407d5247576290b4fd8abd06b7f51bd414f04eef0f2800675512d61/cryptography-43.0.1-cp39-abi3-musllinux_1_2_x86_64.whl", hash = "sha256:38926c50cff6f533f8a2dae3d7f19541432610d114a70808f0926d5aaa7121e4", size = 4082606, upload-time = "2024-09-03T20:03:27.836Z" },
    { url = "https://files.pythonhosted.org/packages/05/36/e532a671998d6fcfdb9122da16434347a58a6bae9465e527e450e0bc60a5/cryptography-43.0.1-cp39-abi3-win32.whl", hash = "sha256:a575913fb06e05e6b4b814d7f7468c2c660e8bb16d8d5a1faf9b33ccc569dd47", size = 2617948, upload-time = "2024-09-03T20:03:25.446Z" },
    { url = "https://files.pythonhosted.org/packages/b3/c6/c09cee6968add5ff868525c3815e5dccc0e3c6e89eec58dc9135d3c40e88/cryptography-43.0.1-cp39-abi3-win_amd64.whl", hash = "sha256:d75601ad10b059ec832e78823b348bfa1a59f6b8d545db3a24fd44362a1564cb", size = 3070445, upload-time = "2024-09-03T20:03:21.179Z" },
]

[[package]]
name = "filelock"
version = "3.19.1"
source = { registry = "https://pypi.org/simple" }
sdist = { url = "https://files.pythonhosted.org/packages/40/bb/0ab3e58d22305b6f5440629d20683af28959bf793d98d11950e305c1c326/filelock-3.19.1.tar.gz", hash = "sha256:66eda1888b0171c998b35be2bcc0f6d75c388a7ce20c3f3f37aa8e96c2dddf58", size = 17687, upload-time = "2025-08-14T16:56:03.016Z" }
wheels = [
    { url = "https://files.pythonhosted.org/packages/42/14/42b2651a2f46b022ccd948bca9f2d5af0fd8929c4eec235b8d6d844fbe67/filelock-3.19.1-py3-none-any.whl", hash = "sha256:d38e30481def20772f5baf097c122c3babc4fcdb7e14e57049eb9d88c6dc017d", size = 15988, upload-time = "2025-08-14T16:56:01.633Z" },
]

[[package]]
name = "importlib-metadata"
version = "8.7.0"
source = { registry = "https://pypi.org/simple" }
dependencies = [
    { name = "zipp" },
]
sdist = { url = "https://files.pythonhosted.org/packages/76/66/650a33bd90f786193e4de4b3ad86ea60b53c89b669a5c7be931fac31cdb0/importlib_metadata-8.7.0.tar.gz", hash = "sha256:d13b81ad223b890aa16c5471f2ac3056cf76c5f10f82d6f9292f0b415f389000", size = 56641, upload-time = "2025-04-27T15:29:01.736Z" }
wheels = [
    { url = "https://files.pythonhosted.org/packages/20/b0/36bd937216ec521246249be3bf9855081de4c5e06a0c9b4219dbeda50373/importlib_metadata-8.7.0-py3-none-any.whl", hash = "sha256:e5dd1551894c77868a30651cef00984d50e1002d06942a7101d34870c5f02afd", size = 27656, upload-time = "2025-04-27T15:29:00.214Z" },
]

[[package]]
name = "infra"
version = "0.1.0"
source = { virtual = "." }
dependencies = [
    { name = "ansible" },
]

[package.dev-dependencies]
dev = [
    { name = "ansible-lint", marker = "sys_platform != 'win32'" },
]

[package.metadata]
requires-dist = [{ name = "ansible", specifier = ">=12.0.0,<13" }]

[package.metadata.requires-dev]
dev = [{ name = "ansible-lint", marker = "sys_platform != 'win32'", specifier = ">=25.4.0,<26" }]

[[package]]
name = "jinja2"
version = "3.1.4"
source = { registry = "https://pypi.org/simple" }
dependencies = [
    { name = "markupsafe" },
]
sdist = { url = "https://files.pythonhosted.org/packages/ed/55/39036716d19cab0747a5020fc7e907f362fbf48c984b14e62127f7e68e5d/jinja2-3.1.4.tar.gz", hash = "sha256:4a3aee7acbbe7303aede8e9648d13b8bf88a429282aa6122a993f0ac800cb369", size = 240245, upload-time = "2024-05-05T23:42:02.455Z" }
wheels = [
    { url = "https://files.pythonhosted.org/packages/31/80/3a54838c3fb461f6fec263ebf3a3a41771bd05190238de3486aae8540c36/jinja2-3.1.4-py3-none-any.whl", hash = "sha256:bc5dd2abb727a5319567b7a813e6a2e7318c39f4f487cfe6c89c6f9c7d25197d", size = 133271, upload-time = "2024-05-05T23:41:59.928Z" },
]

[[package]]
name = "jsonschema"
version = "4.25.1"
source = { registry = "https://pypi.org/simple" }
dependencies = [
    { name = "attrs" },
    { name = "jsonschema-specifications" },
    { name = "referencing" },
    { name = "rpds-py" },
]
sdist = { url = "https://files.pythonhosted.org/packages/74/69/f7185de793a29082a9f3c7728268ffb31cb5095131a9c139a74078e27336/jsonschema-4.25.1.tar.gz", hash = "sha256:e4a9655ce0da0c0b67a085847e00a3a51449e1157f4f75e9fb5aa545e122eb85", size = 357342, upload-time = "2025-08-18T17:03:50.038Z" }
wheels = [
    { url = "https://files.pythonhosted.org/packages/bf/9c/8c95d856233c1f82500c2450b8c68576b4cf1c871db3afac5c34ff84e6fd/jsonschema-4.25.1-py3-none-any.whl", hash = "sha256:3fba0169e345c7175110351d456342c364814cfcf3b964ba4587f22915230a63", size = 90040, upload-time = "2025-08-18T17:03:48.373Z" },
]

[[package]]
name = "jsonschema-specifications"
version = "2025.9.1"
source = { registry = "https://pypi.org/simple" }
dependencies = [
    { name = "referencing" },
]
sdist = { url = "https://files.pythonhosted.org/packages/19/74/a633ee74eb36c44aa6d1095e7cc5569bebf04342ee146178e2d36600708b/jsonschema_specifications-2025.9.1.tar.gz", hash = "sha256:b540987f239e745613c7a9176f3edb72b832a4ac465cf02712288397832b5e8d", size = 32855, upload-time = "2025-09-08T01:34:59.186Z" }
wheels = [
    { url = "https://files.pythonhosted.org/packages/41/45/1a4ed80516f02155c51f51e8cedb3c1902296743db0bbc66608a0db2814f/jsonschema_specifications-2025.9.1-py3-none-any.whl", hash = "sha256:98802fee3a11ee76ecaca44429fda8a41bff98b00a0f2838151b113f210cc6fe", size = 18437, upload-time = "2025-09-08T01:34:57.871Z" },
]

[[package]]
name = "markupsafe"
version = "2.1.4"
source = { registry = "https://pypi.org/simple" }
sdist = { url = "https://files.pythonhosted.org/packages/fb/5a/fb1326fe32913e663c8e2d6bdf7cde6f472e51f9c21f0768d9b9080fe7c5/MarkupSafe-2.1.4.tar.gz", hash = "sha256:3aae9af4cac263007fd6309c64c6ab4506dd2b79382d9d19a1994f9240b8db4f", size = 19288, upload-time = "2024-01-19T22:49:34.17Z" }

[[package]]
name = "mypy-extensions"
version = "1.1.0"
source = { registry = "https://pypi.org/simple" }
sdist = { url = "https://files.pythonhosted.org/packages/a2/6e/371856a3fb9d31ca8dac321cda606860fa4548858c0cc45d9d1d4ca2628b/mypy_extensions-1.1.0.tar.gz", hash = "sha256:52e68efc3284861e772bbcd66823fde5ae21fd2fdb51c62a211403730b916558", size = 6343, upload-time = "2025-04-22T14:54:24.164Z" }
wheels = [
    { url = "https://files.pythonhosted.org/packages/79/7b/2c79738432f5c924bef5071f933bcc9efd0473bac3b4aa584a6f7c1c8df8/mypy_extensions-1.1.0-py3-none-any.whl", hash = "sha256:1be4cccdb0f2482337c4743e60421de3a356cd97508abadd57d47403e94f5505", size = 4963, upload-time = "2025-04-22T14:54:22.983Z" },
]

[[package]]
name = "packaging"
version = "23.2"
source = { registry = "https://pypi.org/simple" }
sdist = { url = "https://files.pythonhosted.org/packages/fb/2b/9b9c33ffed44ee921d0967086d653047286054117d584f1b1a7c22ceaf7b/packaging-23.2.tar.gz", hash = "sha256:048fb0e9405036518eaaf48a55953c750c11e1a1b68e0dd1a9d62ed0c092cfc5", size = 146714, upload-time = "2023-10-01T13:50:05.279Z" }
wheels = [
    { url = "https://files.pythonhosted.org/packages/ec/1a/610693ac4ee14fcdf2d9bf3c493370e4f2ef7ae2e19217d7a237ff42367d/packaging-23.2-py3-none-any.whl", hash = "sha256:8c491190033a9af7e1d931d0b5dacc2ef47509b34dd0de67ed209b5203fc88c7", size = 53011, upload-time = "2023-10-01T13:50:03.745Z" },
]

[[package]]
name = "pathspec"
version = "0.12.1"
source = { registry = "https://pypi.org/simple" }
sdist = { url = "https://files.pythonhosted.org/packages/ca/bc/f35b8446f4531a7cb215605d100cd88b7ac6f44ab3fc94870c120ab3adbf/pathspec-0.12.1.tar.gz", hash = "sha256:a482d51503a1ab33b1c67a6c3813a26953dbdc71c31dacaef9a838c4e29f5712", size = 51043, upload-time = "2023-12-10T22:30:45Z" }
wheels = [
    { url = "https://files.pythonhosted.org/packages/cc/20/ff623b09d963f88bfde16306a54e12ee5ea43e9b597108672ff3a408aad6/pathspec-0.12.1-py3-none-any.whl", hash = "sha256:a0d503e138a4c123b27490a4f7beda6a01c6f288df0e4a8b79c7eb0dc7b4cc08", size = 31191, upload-time = "2023-12-10T22:30:43.14Z" },
]

[[package]]
name = "platformdirs"
version = "4.4.0"
source = { registry = "https://pypi.org/simple" }
sdist = { url = "https://files.pythonhosted.org/packages/23/e8/21db9c9987b0e728855bd57bff6984f67952bea55d6f75e055c46b5383e8/platformdirs-4.4.0.tar.gz", hash = "sha256:ca753cf4d81dc309bc67b0ea38fd15dc97bc30ce419a7f58d13eb3bf14c4febf", size = 21634, upload-time = "2025-08-26T14:32:04.268Z" }
wheels = [
    { url = "https://files.pythonhosted.org/packages/40/4b/2028861e724d3bd36227adfa20d3fd24c3fc6d52032f4a93c133be5d17ce/platformdirs-4.4.0-py3-none-any.whl", hash = "sha256:abd01743f24e5287cd7a5db3752faf1a2d65353f38ec26d98e25a6db65958c85", size = 18654, upload-time = "2025-08-26T14:32:02.735Z" },
]

[[package]]
name = "pycparser"
version = "2.21"
source = { registry = "https://pypi.org/simple" }
sdist = { url = "https://files.pythonhosted.org/packages/5e/0b/95d387f5f4433cb0f53ff7ad859bd2c6051051cebbb564f139a999ab46de/pycparser-2.21.tar.gz", hash = "sha256:e644fdec12f7872f86c58ff790da456218b10f863970249516d60a5eaca77206", size = 170877, upload-time = "2021-11-06T12:48:46.095Z" }
wheels = [
    { url = "https://files.pythonhosted.org/packages/62/d5/5f610ebe421e85889f2e55e33b7f9a6795bd982198517d912eb1c76e1a53/pycparser-2.21-py2.py3-none-any.whl", hash = "sha256:8ee45429555515e1f6b185e78100aea234072576aa43ab53aefcae078162fca9", size = 118697, upload-time = "2021-11-06T12:50:13.61Z" },
]

[[package]]
name = "pyyaml"
version = "6.0.2"
source = { registry = "https://pypi.org/simple" }
sdist = { url = "https://files.pythonhosted.org/packages/54/ed/79a089b6be93607fa5cdaedf301d7dfb23af5f25c398d5ead2525b063e17/pyyaml-6.0.2.tar.gz", hash = "sha256:d584d9ec91ad65861cc08d42e834324ef890a082e591037abe114850ff7bbc3e", size = 130631, upload-time = "2024-08-06T20:33:50.674Z" }
wheels = [
    { url = "https://files.pythonhosted.org/packages/ef/e3/3af305b830494fa85d95f6d95ef7fa73f2ee1cc8ef5b495c7c3269fb835f/PyYAML-6.0.2-cp313-cp313-macosx_10_13_x86_64.whl", hash = "sha256:efdca5630322a10774e8e98e1af481aad470dd62c3170801852d752aa7a783ba", size = 181309, upload-time = "2024-08-06T20:32:43.4Z" },
    { url = "https://files.pythonhosted.org/packages/45/9f/3b1c20a0b7a3200524eb0076cc027a970d320bd3a6592873c85c92a08731/PyYAML-6.0.2-cp313-cp313-macosx_11_0_arm64.whl", hash = "sha256:50187695423ffe49e2deacb8cd10510bc361faac997de9efef88badc3bb9e2d1", size = 171679, upload-time = "2024-08-06T20:32:44.801Z" },
    { url = "https://files.pythonhosted.org/packages/7c/9a/337322f27005c33bcb656c655fa78325b730324c78620e8328ae28b64d0c/PyYAML-6.0.2-cp313-cp313-manylinux_2_17_aarch64.manylinux2014_aarch64.whl", hash = "sha256:0ffe8360bab4910ef1b9e87fb812d8bc0a308b0d0eef8c8f44e0254ab3b07133", size = 733428, upload-time = "2024-08-06T20:32:46.432Z" },
    { url = "https://files.pythonhosted.org/packages/a3/69/864fbe19e6c18ea3cc196cbe5d392175b4cf3d5d0ac1403ec3f2d237ebb5/PyYAML-6.0.2-cp313-cp313-manylinux_2_17_s390x.manylinux2014_s390x.whl", hash = "sha256:17e311b6c678207928d649faa7cb0d7b4c26a0ba73d41e99c4fff6b6c3276484", size = 763361, upload-time = "2024-08-06T20:32:51.188Z" },
    { url = "https://files.pythonhosted.org/packages/04/24/b7721e4845c2f162d26f50521b825fb061bc0a5afcf9a386840f23ea19fa/PyYAML-6.0.2-cp313-cp313-manylinux_2_17_x86_64.manylinux2014_x86_64.whl", hash = "sha256:70b189594dbe54f75ab3a1acec5f1e3faa7e8cf2f1e08d9b561cb41b845f69d5", size = 759523, upload-time = "2024-08-06T20:32:53.019Z" },
    { url = "https://files.pythonhosted.org/packages/2b/b2/e3234f59ba06559c6ff63c4e10baea10e5e7df868092bf9ab40e5b9c56b6/PyYAML-6.0.2-cp313-cp313-musllinux_1_1_aarch64.whl", hash = "sha256:41e4e3953a79407c794916fa277a82531dd93aad34e29c2a514c2c0c5fe971cc", size = 726660, upload-time = "2024-08-06T20:32:54.708Z" },
    { url = "https://files.pythonhosted.org/packages/fe/0f/25911a9f080464c59fab9027482f822b86bf0608957a5fcc6eaac85aa515/PyYAML-6.0.2-cp313-cp313-musllinux_1_1_x86_64.whl", hash = "sha256:68ccc6023a3400877818152ad9a1033e3db8625d899c72eacb5a668902e4d652", size = 751597, upload-time = "2024-08-06T20:32:56.985Z" },
    { url = "https://files.pythonhosted.org/packages/14/0d/e2c3b43bbce3cf6bd97c840b46088a3031085179e596d4929729d8d68270/PyYAML-6.0.2-cp313-cp313-win32.whl", hash = "sha256:bc2fa7c6b47d6bc618dd7fb02ef6fdedb1090ec036abab80d4681424b84c1183", size = 140527, upload-time = "2024-08-06T20:33:03.001Z" },
    { url = "https://files.pythonhosted.org/packages/fa/de/02b54f42487e3d3c6efb3f89428677074ca7bf43aae402517bc7cca949f3/PyYAML-6.0.2-cp313-cp313-win_amd64.whl", hash = "sha256:8388ee1976c416731879ac16da0aff3f63b286ffdd57cdeb95f3f2e085687563", size = 156446, upload-time = "2024-08-06T20:33:04.33Z" },
]

[[package]]
name = "referencing"
version = "0.36.2"
source = { registry = "https://pypi.org/simple" }
dependencies = [
    { name = "attrs" },
    { name = "rpds-py" },
]
sdist = { url = "https://files.pythonhosted.org/packages/2f/db/98b5c277be99dd18bfd91dd04e1b759cad18d1a338188c936e92f921c7e2/referencing-0.36.2.tar.gz", hash = "sha256:df2e89862cd09deabbdba16944cc3f10feb6b3e6f18e902f7cc25609a34775aa", size = 74744, upload-time = "2025-01-25T08:48:16.138Z" }
wheels = [
    { url = "https://files.pythonhosted.org/packages/c1/b1/3baf80dc6d2b7bc27a95a67752d0208e410351e3feb4eb78de5f77454d8d/referencing-0.36.2-py3-none-any.whl", hash = "sha256:e8699adbbf8b5c7de96d8ffa0eb5c158b3beafce084968e2ea8bb08c6794dcd0", size = 26775, upload-time = "2025-01-25T08:48:14.241Z" },
]

[[package]]
name = "resolvelib"
version = "1.0.1"
source = { registry = "https://pypi.org/simple" }
sdist = { url = "https://files.pythonhosted.org/packages/ce/10/f699366ce577423cbc3df3280063099054c23df70856465080798c6ebad6/resolvelib-1.0.1.tar.gz", hash = "sha256:04ce76cbd63fded2078ce224785da6ecd42b9564b1390793f64ddecbe997b309", size = 21065, upload-time = "2023-03-09T05:10:38.292Z" }
wheels = [
    { url = "https://files.pythonhosted.org/packages/d2/fc/e9ccf0521607bcd244aa0b3fbd574f71b65e9ce6a112c83af988bbbe2e23/resolvelib-1.0.1-py2.py3-none-any.whl", hash = "sha256:d2da45d1a8dfee81bdd591647783e340ef3bcb104b54c383f70d422ef5cc7dbf", size = 17194, upload-time = "2023-03-09T05:10:36.214Z" },
]

[[package]]
name = "rpds-py"
version = "0.27.1"
source = { registry = "https://pypi.org/simple" }
sdist = { url = "https://files.pythonhosted.org/packages/e9/dd/2c0cbe774744272b0ae725f44032c77bdcab6e8bcf544bffa3b6e70c8dba/rpds_py-0.27.1.tar.gz", hash = "sha256:26a1c73171d10b7acccbded82bf6a586ab8203601e565badc74bbbf8bc5a10f8", size = 27479, upload-time = "2025-08-27T12:16:36.024Z" }
wheels = [
    { url = "https://files.pythonhosted.org/packages/cc/77/610aeee8d41e39080c7e14afa5387138e3c9fa9756ab893d09d99e7d8e98/rpds_py-0.27.1-cp313-cp313-macosx_10_12_x86_64.whl", hash = "sha256:e4b9fcfbc021633863a37e92571d6f91851fa656f0180246e84cbd8b3f6b329b", size = 361741, upload-time = "2025-08-27T12:13:31.039Z" },
    { url = "https://files.pythonhosted.org/packages/3a/fc/c43765f201c6a1c60be2043cbdb664013def52460a4c7adace89d6682bf4/rpds_py-0.27.1-cp313-cp313-macosx_11_0_arm64.whl", hash = "sha256:1441811a96eadca93c517d08df75de45e5ffe68aa3089924f963c782c4b898cf", size = 345574, upload-time = "2025-08-27T12:13:32.902Z" },
    { url = "https://files.pythonhosted.org/packages/20/42/ee2b2ca114294cd9847d0ef9c26d2b0851b2e7e00bf14cc4c0b581df0fc3/rpds_py-0.27.1-cp313-cp313-manylinux_2_17_aarch64.manylinux2014_aarch64.whl", hash = "sha256:55266dafa22e672f5a4f65019015f90336ed31c6383bd53f5e7826d21a0e0b83", size = 385051, upload-time = "2025-08-27T12:13:34.228Z" },
    { url = "https://files.pythonhosted.org/packages/fd/e8/1e430fe311e4799e02e2d1af7c765f024e95e17d651612425b226705f910/rpds_py-0.27.1-cp313-cp313-manylinux_2_17_armv7l.manylinux2014_armv7l.whl", hash = "sha256:d78827d7ac08627ea2c8e02c9e5b41180ea5ea1f747e9db0915e3adf36b62dcf", size = 398395, upload-time = "2025-08-27T12:13:36.132Z" },
    { url = "https://files.pythonhosted.org/packages/82/95/9dc227d441ff2670651c27a739acb2535ccaf8b351a88d78c088965e5996/rpds_py-0.27.1-cp313-cp313-manylinux_2_17_ppc64le.manylinux2014_ppc64le.whl", hash = "sha256:ae92443798a40a92dc5f0b01d8a7c93adde0c4dc965310a29ae7c64d72b9fad2", size = 524334, upload-time = "2025-08-27T12:13:37.562Z" },
    { url = "https://files.pythonhosted.org/packages/87/01/a670c232f401d9ad461d9a332aa4080cd3cb1d1df18213dbd0d2a6a7ab51/rpds_py-0.27.1-cp313-cp313-manylinux_2_17_s390x.manylinux2014_s390x.whl", hash = "sha256:c46c9dd2403b66a2a3b9720ec4b74d4ab49d4fabf9f03dfdce2d42af913fe8d0", size = 407691, upload-time = "2025-08-27T12:13:38.94Z" },
    { url = "https://files.pythonhosted.org/packages/03/36/0a14aebbaa26fe7fab4780c76f2239e76cc95a0090bdb25e31d95c492fcd/rpds_py-0.27.1-cp313-cp313-manylinux_2_17_x86_64.manylinux2014_x86_64.whl", hash = "sha256:2efe4eb1d01b7f5f1939f4ef30ecea6c6b3521eec451fb93191bf84b2a522418", size = 386868, upload-time = "2025-08-27T12:13:40.192Z" },
    { url = "https://files.pythonhosted.org/packages/3b/03/8c897fb8b5347ff6c1cc31239b9611c5bf79d78c984430887a353e1409a1/rpds_py-0.27.1-cp313-cp313-manylinux_2_31_riscv64.whl", hash = "sha256:15d3b4d83582d10c601f481eca29c3f138d44c92187d197aff663a269197c02d", size = 405469, upload-time = "2025-08-27T12:13:41.496Z" },
    { url = "https://files.pythonhosted.org/packages/da/07/88c60edc2df74850d496d78a1fdcdc7b54360a7f610a4d50008309d41b94/rpds_py-0.27.1-cp313-cp313-manylinux_2_5_i686.manylinux1_i686.whl", hash = "sha256:4ed2e16abbc982a169d30d1a420274a709949e2cbdef119fe2ec9d870b42f274", size = 422125, upload-time = "2025-08-27T12:13:42.802Z" },
    { url = "https://files.pythonhosted.org/packages/6b/86/5f4c707603e41b05f191a749984f390dabcbc467cf833769b47bf14ba04f/rpds_py-0.27.1-cp313-cp313-musllinux_1_2_aarch64.whl", hash = "sha256:a75f305c9b013289121ec0f1181931975df78738cdf650093e6b86d74aa7d8dd", size = 562341, upload-time = "2025-08-27T12:13:44.472Z" },
    { url = "https://files.pythonhosted.org/packages/b2/92/3c0cb2492094e3cd9baf9e49bbb7befeceb584ea0c1a8b5939dca4da12e5/rpds_py-0.27.1-cp313-cp313-musllinux_1_2_i686.whl", hash = "sha256:67ce7620704745881a3d4b0ada80ab4d99df390838839921f99e63c474f82cf2", size = 592511, upload-time = "2025-08-27T12:13:45.898Z" },
    { url = "https://files.pythonhosted.org/packages/10/bb/82e64fbb0047c46a168faa28d0d45a7851cd0582f850b966811d30f67ad8/rpds_py-0.27.1-cp313-cp313-musllinux_1_2_x86_64.whl", hash = "sha256:9d992ac10eb86d9b6f369647b6a3f412fc0075cfd5d799530e84d335e440a002", size = 557736, upload-time = "2025-08-27T12:13:47.408Z" },
    { url = "https://files.pythonhosted.org/packages/01/76/1cdf1f91aed5c3a7bf2eba1f1c4e4d6f57832d73003919a20118870ea659/rpds_py-0.27.1-cp313-cp313t-macosx_10_12_x86_64.whl", hash = "sha256:92022bbbad0d4426e616815b16bc4127f83c9a74940e1ccf3cfe0b387aba0228", size = 358355, upload-time = "2025-08-27T12:13:54.012Z" },
    { url = "https://files.pythonhosted.org/packages/c3/6f/bf142541229374287604caf3bb2a4ae17f0a580798fd72d3b009b532db4e/rpds_py-0.27.1-cp313-cp313t-macosx_11_0_arm64.whl", hash = "sha256:47162fdab9407ec3f160805ac3e154df042e577dd53341745fc7fb3f625e6d92", size = 342138, upload-time = "2025-08-27T12:13:55.791Z" },
    { url = "https://files.pythonhosted.org/packages/1a/77/355b1c041d6be40886c44ff5e798b4e2769e497b790f0f7fd1e78d17e9a8/rpds_py-0.27.1-cp313-cp313t-manylinux_2_17_aarch64.manylinux2014_aarch64.whl", hash = "sha256:fb89bec23fddc489e5d78b550a7b773557c9ab58b7946154a10a6f7a214a48b2", size = 380247, upload-time = "2025-08-27T12:13:57.683Z" },
    { url = "https://files.pythonhosted.org/packages/d6/a4/d9cef5c3946ea271ce2243c51481971cd6e34f21925af2783dd17b26e815/rpds_py-0.27.1-cp313-cp313t-manylinux_2_17_armv7l.manylinux2014_armv7l.whl", hash = "sha256:e48af21883ded2b3e9eb48cb7880ad8598b31ab752ff3be6457001d78f416723", size = 390699, upload-time = "2025-08-27T12:13:59.137Z" },
    { url = "https://files.pythonhosted.org/packages/3a/06/005106a7b8c6c1a7e91b73169e49870f4af5256119d34a361ae5240a0c1d/rpds_py-0.27.1-cp313-cp313t-manylinux_2_17_ppc64le.manylinux2014_ppc64le.whl", hash = "sha256:6f5b7bd8e219ed50299e58551a410b64daafb5017d54bbe822e003856f06a802", size = 521852, upload-time = "2025-08-27T12:14:00.583Z" },
    { url = "https://files.pythonhosted.org/packages/e5/3e/50fb1dac0948e17a02eb05c24510a8fe12d5ce8561c6b7b7d1339ab7ab9c/rpds_py-0.27.1-cp313-cp313t-manylinux_2_17_s390x.manylinux2014_s390x.whl", hash = "sha256:08f1e20bccf73b08d12d804d6e1c22ca5530e71659e6673bce31a6bb71c1e73f", size = 402582, upload-time = "2025-08-27T12:14:02.034Z" },
    { url = "https://files.pythonhosted.org/packages/cb/b0/f4e224090dc5b0ec15f31a02d746ab24101dd430847c4d99123798661bfc/rpds_py-0.27.1-cp313-cp313t-manylinux_2_17_x86_64.manylinux2014_x86_64.whl", hash = "sha256:0dc5dceeaefcc96dc192e3a80bbe1d6c410c469e97bdd47494a7d930987f18b2", size = 384126, upload-time = "2025-08-27T12:14:03.437Z" },
    { url = "https://files.pythonhosted.org/packages/54/77/ac339d5f82b6afff1df8f0fe0d2145cc827992cb5f8eeb90fc9f31ef7a63/rpds_py-0.27.1-cp313-cp313t-manylinux_2_31_riscv64.whl", hash = "sha256:d76f9cc8665acdc0c9177043746775aa7babbf479b5520b78ae4002d889f5c21", size = 399486, upload-time = "2025-08-27T12:14:05.443Z" },
    { url = "https://files.pythonhosted.org/packages/d6/29/3e1c255eee6ac358c056a57d6d6869baa00a62fa32eea5ee0632039c50a3/rpds_py-0.27.1-cp313-cp313t-manylinux_2_5_i686.manylinux1_i686.whl", hash = "sha256:134fae0e36022edad8290a6661edf40c023562964efea0cc0ec7f5d392d2aaef", size = 414832, upload-time = "2025-08-27T12:14:06.902Z" },
    { url = "https://files.pythonhosted.org/packages/3f/db/6d498b844342deb3fa1d030598db93937a9964fcf5cb4da4feb5f17be34b/rpds_py-0.27.1-cp313-cp313t-musllinux_1_2_aarch64.whl", hash = "sha256:eb11a4f1b2b63337cfd3b4d110af778a59aae51c81d195768e353d8b52f88081", size = 557249, upload-time = "2025-08-27T12:14:08.37Z" },
    { url = "https://files.pythonhosted.org/packages/60/f3/690dd38e2310b6f68858a331399b4d6dbb9132c3e8ef8b4333b96caf403d/rpds_py-0.27.1-cp313-cp313t-musllinux_1_2_i686.whl", hash = "sha256:13e608ac9f50a0ed4faec0e90ece76ae33b34c0e8656e3dceb9a7db994c692cd", size = 587356, upload-time = "2025-08-27T12:14:10.034Z" },
    { url = "https://files.pythonhosted.org/packages/86/e3/84507781cccd0145f35b1dc32c72675200c5ce8d5b30f813e49424ef68fc/rpds_py-0.27.1-cp313-cp313t-musllinux_1_2_x86_64.whl", hash = "sha256:dd2135527aa40f061350c3f8f89da2644de26cd73e4de458e79606384f4f68e7", size = 555300, upload-time = "2025-08-27T12:14:11.783Z" },
]

[[package]]
name = "ruamel-yaml"
version = "0.18.15"
source = { registry = "https://pypi.org/simple" }
dependencies = [
    { name = "ruamel-yaml-clib", marker = "platform_python_implementation == 'CPython'" },
]
sdist = { url = "https://files.pythonhosted.org/packages/3e/db/f3950f5e5031b618aae9f423a39bf81a55c148aecd15a34527898e752cf4/ruamel.yaml-0.18.15.tar.gz", hash = "sha256:dbfca74b018c4c3fba0b9cc9ee33e53c371194a9000e694995e620490fd40700", size = 146865, upload-time = "2025-08-19T11:15:10.694Z" }
wheels = [
    { url = "https://files.pythonhosted.org/packages/d1/e5/f2a0621f1781b76a38194acae72f01e37b1941470407345b6e8653ad7640/ruamel.yaml-0.18.15-py3-none-any.whl", hash = "sha256:148f6488d698b7a5eded5ea793a025308b25eca97208181b6a026037f391f701", size = 119702, upload-time = "2025-08-19T11:15:07.696Z" },
]

[[package]]
name = "ruamel-yaml-clib"
version = "0.2.12"
source = { registry = "https://pypi.org/simple" }
sdist = { url = "https://files.pythonhosted.org/packages/20/84/80203abff8ea4993a87d823a5f632e4d92831ef75d404c9fc78d0176d2b5/ruamel.yaml.clib-0.2.12.tar.gz", hash = "sha256:6c8fbb13ec503f99a91901ab46e0b07ae7941cd527393187039aec586fdfd36f", size = 225315, upload-time = "2024-10-20T10:10:56.22Z" }
wheels = [
    { url = "https://files.pythonhosted.org/packages/29/00/4864119668d71a5fa45678f380b5923ff410701565821925c69780356ffa/ruamel.yaml.clib-0.2.12-cp313-cp313-macosx_14_0_arm64.whl", hash = "sha256:4c8c5d82f50bb53986a5e02d1b3092b03622c02c2eb78e29bec33fd9593bae1a", size = 132011, upload-time = "2024-10-20T10:13:04.377Z" },
    { url = "https://files.pythonhosted.org/packages/7f/5e/212f473a93ae78c669ffa0cb051e3fee1139cb2d385d2ae1653d64281507/ruamel.yaml.clib-0.2.12-cp313-cp313-manylinux2014_aarch64.whl", hash = "sha256:e7e3736715fbf53e9be2a79eb4db68e4ed857017344d697e8b9749444ae57475", size = 642488, upload-time = "2024-10-20T10:13:05.906Z" },
    { url = "https://files.pythonhosted.org/packages/1f/8f/ecfbe2123ade605c49ef769788f79c38ddb1c8fa81e01f4dbf5cf1a44b16/ruamel.yaml.clib-0.2.12-cp313-cp313-manylinux_2_17_x86_64.manylinux2014_x86_64.whl", hash = "sha256:0b7e75b4965e1d4690e93021adfcecccbca7d61c7bddd8e22406ef2ff20d74ef", size = 745066, upload-time = "2024-10-20T10:13:07.26Z" },
    { url = "https://files.pythonhosted.org/packages/e2/a9/28f60726d29dfc01b8decdb385de4ced2ced9faeb37a847bd5cf26836815/ruamel.yaml.clib-0.2.12-cp313-cp313-manylinux_2_5_i686.manylinux1_i686.manylinux_2_17_i686.manylinux2014_i686.whl", hash = "sha256:96777d473c05ee3e5e3c3e999f5d23c6f4ec5b0c38c098b3a5229085f74236c6", size = 701785, upload-time = "2024-10-20T10:13:08.504Z" },
    { url = "https://files.pythonhosted.org/packages/84/7e/8e7ec45920daa7f76046578e4f677a3215fe8f18ee30a9cb7627a19d9b4c/ruamel.yaml.clib-0.2.12-cp313-cp313-musllinux_1_1_i686.whl", hash = "sha256:3bc2a80e6420ca8b7d3590791e2dfc709c88ab9152c00eeb511c9875ce5778bf", size = 693017, upload-time = "2024-10-21T11:26:48.866Z" },
    { url = "https://files.pythonhosted.org/packages/c5/b3/d650eaade4ca225f02a648321e1ab835b9d361c60d51150bac49063b83fa/ruamel.yaml.clib-0.2.12-cp313-cp313-musllinux_1_1_x86_64.whl", hash = "sha256:e188d2699864c11c36cdfdada94d781fd5d6b0071cd9c427bceb08ad3d7c70e1", size = 741270, upload-time = "2024-10-21T11:26:50.213Z" },
    { url = "https://files.pythonhosted.org/packages/87/b8/01c29b924dcbbed75cc45b30c30d565d763b9c4d540545a0eeecffb8f09c/ruamel.yaml.clib-0.2.12-cp313-cp313-musllinux_1_2_aarch64.whl", hash = "sha256:4f6f3eac23941b32afccc23081e1f50612bdbe4e982012ef4f5797986828cd01", size = 709059, upload-time = "2024-12-11T19:58:18.846Z" },
]

[[package]]
name = "subprocess-tee"
version = "0.4.2"
source = { registry = "https://pypi.org/simple" }
sdist = { url = "https://files.pythonhosted.org/packages/d7/22/991efbf35bc811dfe7edcd749253f0931d2d4838cf55176132633e1c82a7/subprocess_tee-0.4.2.tar.gz", hash = "sha256:91b2b4da3aae9a7088d84acaf2ea0abee3f4fd9c0d2eae69a9b9122a71476590", size = 14951, upload-time = "2024-06-17T19:51:51.249Z" }
wheels = [
    { url = "https://files.pythonhosted.org/packages/4d/ab/e3a3be062cd544b2803760ff707dee38f0b1cb5685b2446de0ec19be28d9/subprocess_tee-0.4.2-py3-none-any.whl", hash = "sha256:21942e976715af4a19a526918adb03a8a27a8edab959f2d075b777e3d78f532d", size = 5249, upload-time = "2024-06-17T19:51:15.949Z" },
]

[[package]]
name = "wcmatch"
version = "10.1"
source = { registry = "https://pypi.org/simple" }
dependencies = [
    { name = "bracex" },
]
sdist = { url = "https://files.pythonhosted.org/packages/79/3e/c0bdc27cf06f4e47680bd5803a07cb3dfd17de84cde92dd217dcb9e05253/wcmatch-10.1.tar.gz", hash = "sha256:f11f94208c8c8484a16f4f48638a85d771d9513f4ab3f37595978801cb9465af", size = 117421, upload-time = "2025-06-22T19:14:02.49Z" }
wheels = [
    { url = "https://files.pythonhosted.org/packages/eb/d8/0d1d2e9d3fabcf5d6840362adcf05f8cf3cd06a73358140c3a97189238ae/wcmatch-10.1-py3-none-any.whl", hash = "sha256:5848ace7dbb0476e5e55ab63c6bbd529745089343427caa5537f230cc01beb8a", size = 39854, upload-time = "2025-06-22T19:14:00.978Z" },
]

[[package]]
name = "yamllint"
version = "1.37.1"
source = { registry = "https://pypi.org/simple" }
dependencies = [
    { name = "pathspec" },
    { name = "pyyaml" },
]
sdist = { url = "https://files.pythonhosted.org/packages/46/f2/cd8b7584a48ee83f0bc94f8a32fea38734cefcdc6f7324c4d3bfc699457b/yamllint-1.37.1.tar.gz", hash = "sha256:81f7c0c5559becc8049470d86046b36e96113637bcbe4753ecef06977c00245d", size = 141613, upload-time = "2025-05-04T08:25:54.355Z" }
wheels = [
    { url = "https://files.pythonhosted.org/packages/dd/b9/be7a4cfdf47e03785f657f94daea8123e838d817be76c684298305bd789f/yamllint-1.37.1-py3-none-any.whl", hash = "sha256:364f0d79e81409f591e323725e6a9f4504c8699ddf2d7263d8d2b539cd66a583", size = 68813, upload-time = "2025-05-04T08:25:52.552Z" },
]

[[package]]
name = "zipp"
version = "3.23.0"
source = { registry = "https://pypi.org/simple" }
sdist = { url = "https://files.pythonhosted.org/packages/e3/02/0f2892c661036d50ede074e376733dca2ae7c6eb617489437771209d4180/zipp-3.23.0.tar.gz", hash = "sha256:a07157588a12518c9d4034df3fbbee09c814741a33ff63c05fa29d26a2404166", size = 25547, upload-time = "2025-06-08T17:06:39.4Z" }
wheels = [
    { url = "https://files.pythonhosted.org/packages/2e/54/647ade08bf0db230bfea292f893923872fd20be6ac6f53b2b936ba839d75/zipp-3.23.0-py3-none-any.whl", hash = "sha256:071652d6115ed432f5ce1d34c336c0adfd6a884660d1e9712a256d3d3bd4b14e", size = 10276, upload-time = "2025-06-08T17:06:38.034Z" },
]
